// !$*UTF8*$!
{
	archiveVersion = 1;
	classes = {
	};
	objectVersion = 50;
	objects = {

/* Begin PBXBuildFile section */
		2E722C6320B5F690000CDB78 /* AppDelegate.swift in Sources */ = {isa = PBXBuildFile; fileRef = 2E722C6220B5F690000CDB78 /* AppDelegate.swift */; };
		2E722C6520B5F690000CDB78 /* MapController.swift in Sources */ = {isa = PBXBuildFile; fileRef = 2E722C6420B5F690000CDB78 /* MapController.swift */; };
		2E722C6820B5F690000CDB78 /* Main.storyboard in Resources */ = {isa = PBXBuildFile; fileRef = 2E722C6620B5F690000CDB78 /* Main.storyboard */; };
		2E722C6A20B5F691000CDB78 /* Assets.xcassets in Resources */ = {isa = PBXBuildFile; fileRef = 2E722C6920B5F691000CDB78 /* Assets.xcassets */; };
		2E97D3BD20B6F0B300D0A9F6 /* Map.storyboard in Resources */ = {isa = PBXBuildFile; fileRef = 2E97D3BC20B6F0B300D0A9F6 /* Map.storyboard */; };
		2E97D3BF20B6F14700D0A9F6 /* Farms.storyboard in Resources */ = {isa = PBXBuildFile; fileRef = 2E97D3BE20B6F14700D0A9F6 /* Farms.storyboard */; };
		C2CD8E9087770D844A118250 /* libPods-Agribusiness.a in Frameworks */ = {isa = PBXBuildFile; fileRef = B5E0D2AE28DDD7A417EBE210 /* libPods-Agribusiness.a */; };
/* End PBXBuildFile section */

/* Begin PBXFileReference section */
		1189E511D0B7D4DA2E144086 /* Pods-Agribusiness.release.xcconfig */ = {isa = PBXFileReference; includeInIndex = 1; lastKnownFileType = text.xcconfig; name = "Pods-Agribusiness.release.xcconfig"; path = "Pods/Target Support Files/Pods-Agribusiness/Pods-Agribusiness.release.xcconfig"; sourceTree = "<group>"; };
		2E722C5F20B5F690000CDB78 /* Agribusiness.app */ = {isa = PBXFileReference; explicitFileType = wrapper.application; includeInIndex = 0; path = Agribusiness.app; sourceTree = BUILT_PRODUCTS_DIR; };
		2E722C6220B5F690000CDB78 /* AppDelegate.swift */ = {isa = PBXFileReference; lastKnownFileType = sourcecode.swift; path = AppDelegate.swift; sourceTree = "<group>"; };
		2E722C6420B5F690000CDB78 /* MapController.swift */ = {isa = PBXFileReference; lastKnownFileType = sourcecode.swift; path = MapController.swift; sourceTree = "<group>"; };
		2E722C6720B5F690000CDB78 /* Base */ = {isa = PBXFileReference; lastKnownFileType = file.storyboard; name = Base; path = Base.lproj/Main.storyboard; sourceTree = "<group>"; };
		2E722C6920B5F691000CDB78 /* Assets.xcassets */ = {isa = PBXFileReference; lastKnownFileType = folder.assetcatalog; path = Assets.xcassets; sourceTree = "<group>"; };
		2E722C6E20B5F691000CDB78 /* Info.plist */ = {isa = PBXFileReference; lastKnownFileType = text.plist.xml; path = Info.plist; sourceTree = "<group>"; };
		2E97D3BC20B6F0B300D0A9F6 /* Map.storyboard */ = {isa = PBXFileReference; fileEncoding = 4; lastKnownFileType = file.storyboard; path = Map.storyboard; sourceTree = "<group>"; };
		2E97D3BE20B6F14700D0A9F6 /* Farms.storyboard */ = {isa = PBXFileReference; fileEncoding = 4; lastKnownFileType = file.storyboard; path = Farms.storyboard; sourceTree = "<group>"; };
		851F6CEBEEFE918CB6FA3C59 /* Pods-Agribusiness.debug.xcconfig */ = {isa = PBXFileReference; includeInIndex = 1; lastKnownFileType = text.xcconfig; name = "Pods-Agribusiness.debug.xcconfig"; path = "Pods/Target Support Files/Pods-Agribusiness/Pods-Agribusiness.debug.xcconfig"; sourceTree = "<group>"; };
		B5E0D2AE28DDD7A417EBE210 /* libPods-Agribusiness.a */ = {isa = PBXFileReference; explicitFileType = archive.ar; includeInIndex = 0; path = "libPods-Agribusiness.a"; sourceTree = BUILT_PRODUCTS_DIR; };
/* End PBXFileReference section */

/* Begin PBXFrameworksBuildPhase section */
		2E722C5C20B5F690000CDB78 /* Frameworks */ = {
			isa = PBXFrameworksBuildPhase;
			buildActionMask = 2147483647;
			files = (
				C2CD8E9087770D844A118250 /* libPods-Agribusiness.a in Frameworks */,
			);
			runOnlyForDeploymentPostprocessing = 0;
		};
/* End PBXFrameworksBuildPhase section */

/* Begin PBXGroup section */
		02A6C2592D3093D9FDF2967A /* Pods */ = {
			isa = PBXGroup;
			children = (
				851F6CEBEEFE918CB6FA3C59 /* Pods-Agribusiness.debug.xcconfig */,
				1189E511D0B7D4DA2E144086 /* Pods-Agribusiness.release.xcconfig */,
			);
			name = Pods;
			sourceTree = "<group>";
		};
		2E722C5620B5F690000CDB78 = {
			isa = PBXGroup;
			children = (
				2E722C6120B5F690000CDB78 /* Agribusiness */,
				2E722C6020B5F690000CDB78 /* Products */,
				02A6C2592D3093D9FDF2967A /* Pods */,
				89A09B22CC5C4B0412907421 /* Frameworks */,
			);
			sourceTree = "<group>";
		};
		2E722C6020B5F690000CDB78 /* Products */ = {
			isa = PBXGroup;
			children = (
				2E722C5F20B5F690000CDB78 /* Agribusiness.app */,
			);
			name = Products;
			sourceTree = "<group>";
		};
		2E722C6120B5F690000CDB78 /* Agribusiness */ = {
			isa = PBXGroup;
			children = (
				2E97D3BE20B6F14700D0A9F6 /* Farms.storyboard */,
				2E97D3BC20B6F0B300D0A9F6 /* Map.storyboard */,
				2E722C6220B5F690000CDB78 /* AppDelegate.swift */,
				2E722C6420B5F690000CDB78 /* MapController.swift */,
				2E722C6620B5F690000CDB78 /* Main.storyboard */,
				2E722C6920B5F691000CDB78 /* Assets.xcassets */,
				2E722C6E20B5F691000CDB78 /* Info.plist */,
			);
			path = Agribusiness;
			sourceTree = "<group>";
		};
		89A09B22CC5C4B0412907421 /* Frameworks */ = {
			isa = PBXGroup;
			children = (
				B5E0D2AE28DDD7A417EBE210 /* libPods-Agribusiness.a */,
			);
			name = Frameworks;
			sourceTree = "<group>";
		};
/* End PBXGroup section */

/* Begin PBXNativeTarget section */
		2E722C5E20B5F690000CDB78 /* Agribusiness */ = {
			isa = PBXNativeTarget;
			buildConfigurationList = 2E722C7120B5F691000CDB78 /* Build configuration list for PBXNativeTarget "Agribusiness" */;
			buildPhases = (
				0ED5BF4785BD223C3B67B208 /* [CP] Check Pods Manifest.lock */,
				2E722C5B20B5F690000CDB78 /* Sources */,
				2E722C5C20B5F690000CDB78 /* Frameworks */,
				2E722C5D20B5F690000CDB78 /* Resources */,
				0BD66A092B110F2106E7E783 /* [CP] Copy Pods Resources */,
			);
			buildRules = (
			);
			dependencies = (
			);
			name = Agribusiness;
			productName = Agribusiness;
			productReference = 2E722C5F20B5F690000CDB78 /* Agribusiness.app */;
			productType = "com.apple.product-type.application";
		};
/* End PBXNativeTarget section */

/* Begin PBXProject section */
		2E722C5720B5F690000CDB78 /* Project object */ = {
			isa = PBXProject;
			attributes = {
				LastSwiftUpdateCheck = 0930;
				LastUpgradeCheck = 0930;
				ORGANIZATIONNAME = "Quaini, Tiago";
				TargetAttributes = {
					2E722C5E20B5F690000CDB78 = {
						CreatedOnToolsVersion = 9.3.1;
					};
				};
			};
			buildConfigurationList = 2E722C5A20B5F690000CDB78 /* Build configuration list for PBXProject "Agribusiness" */;
			compatibilityVersion = "Xcode 9.3";
			developmentRegion = en;
			hasScannedForEncodings = 0;
			knownRegions = (
				en,
				Base,
			);
			mainGroup = 2E722C5620B5F690000CDB78;
			productRefGroup = 2E722C6020B5F690000CDB78 /* Products */;
			projectDirPath = "";
			projectRoot = "";
			targets = (
				2E722C5E20B5F690000CDB78 /* Agribusiness */,
			);
		};
/* End PBXProject section */

/* Begin PBXResourcesBuildPhase section */
		2E722C5D20B5F690000CDB78 /* Resources */ = {
			isa = PBXResourcesBuildPhase;
			buildActionMask = 2147483647;
			files = (
				2E97D3BF20B6F14700D0A9F6 /* Farms.storyboard in Resources */,
				2E722C6A20B5F691000CDB78 /* Assets.xcassets in Resources */,
				2E722C6820B5F690000CDB78 /* Main.storyboard in Resources */,
				2E97D3BD20B6F0B300D0A9F6 /* Map.storyboard in Resources */,
			);
			runOnlyForDeploymentPostprocessing = 0;
		};
/* End PBXResourcesBuildPhase section */

/* Begin PBXShellScriptBuildPhase section */
		0BD66A092B110F2106E7E783 /* [CP] Copy Pods Resources */ = {
			isa = PBXShellScriptBuildPhase;
			buildActionMask = 2147483647;
			files = (
			);
			inputPaths = (
				"${SRCROOT}/Pods/Target Support Files/Pods-Agribusiness/Pods-Agribusiness-resources.sh",
				"${PODS_ROOT}/GoogleMaps/Maps/Frameworks/GoogleMaps.framework/Resources/GoogleMaps.bundle",
			);
			name = "[CP] Copy Pods Resources";
			outputPaths = (
				"${TARGET_BUILD_DIR}/${UNLOCALIZED_RESOURCES_FOLDER_PATH}/GoogleMaps.bundle",
			);
			runOnlyForDeploymentPostprocessing = 0;
			shellPath = /bin/sh;
			shellScript = "\"${SRCROOT}/Pods/Target Support Files/Pods-Agribusiness/Pods-Agribusiness-resources.sh\"\n";
			showEnvVarsInLog = 0;
		};
		0ED5BF4785BD223C3B67B208 /* [CP] Check Pods Manifest.lock */ = {
			isa = PBXShellScriptBuildPhase;
			buildActionMask = 2147483647;
			files = (
			);
			inputPaths = (
				"${PODS_PODFILE_DIR_PATH}/Podfile.lock",
				"${PODS_ROOT}/Manifest.lock",
			);
			name = "[CP] Check Pods Manifest.lock";
			outputPaths = (
				"$(DERIVED_FILE_DIR)/Pods-Agribusiness-checkManifestLockResult.txt",
			);
			runOnlyForDeploymentPostprocessing = 0;
			shellPath = /bin/sh;
			shellScript = "diff \"${PODS_PODFILE_DIR_PATH}/Podfile.lock\" \"${PODS_ROOT}/Manifest.lock\" > /dev/null\nif [ $? != 0 ] ; then\n    # print error to STDERR\n    echo \"error: The sandbox is not in sync with the Podfile.lock. Run 'pod install' or update your CocoaPods installation.\" >&2\n    exit 1\nfi\n# This output is used by Xcode 'outputs' to avoid re-running this script phase.\necho \"SUCCESS\" > \"${SCRIPT_OUTPUT_FILE_0}\"\n";
			showEnvVarsInLog = 0;
		};
/* End PBXShellScriptBuildPhase section */

/* Begin PBXSourcesBuildPhase section */
		2E722C5B20B5F690000CDB78 /* Sources */ = {
			isa = PBXSourcesBuildPhase;
			buildActionMask = 2147483647;
			files = (
				2E722C6520B5F690000CDB78 /* MapController.swift in Sources */,
				2E722C6320B5F690000CDB78 /* AppDelegate.swift in Sources */,
			);
			runOnlyForDeploymentPostprocessing = 0;
		};
/* End PBXSourcesBuildPhase section */

/* Begin PBXVariantGroup section */
		2E722C6620B5F690000CDB78 /* Main.storyboard */ = {
			isa = PBXVariantGroup;
			children = (
				2E722C6720B5F690000CDB78 /* Base */,
			);
			name = Main.storyboard;
			sourceTree = "<group>";
		};
/* End PBXVariantGroup section */

/* Begin XCBuildConfiguration section */
		2E722C6F20B5F691000CDB78 /* Debug */ = {
			isa = XCBuildConfiguration;
			buildSettings = {
				ALWAYS_SEARCH_USER_PATHS = NO;
				CLANG_ANALYZER_NONNULL = YES;
				CLANG_ANALYZER_NUMBER_OBJECT_CONVERSION = YES_AGGRESSIVE;
				CLANG_CXX_LANGUAGE_STANDARD = "gnu++14";
				CLANG_CXX_LIBRARY = "libc++";
				CLANG_ENABLE_MODULES = YES;
				CLANG_ENABLE_OBJC_ARC = YES;
				CLANG_ENABLE_OBJC_WEAK = YES;
				CLANG_WARN_BLOCK_CAPTURE_AUTORELEASING = YES;
				CLANG_WARN_BOOL_CONVERSION = YES;
				CLANG_WARN_COMMA = YES;
				CLANG_WARN_CONSTANT_CONVERSION = YES;
				CLANG_WARN_DEPRECATED_OBJC_IMPLEMENTATIONS = YES;
				CLANG_WARN_DIRECT_OBJC_ISA_USAGE = YES_ERROR;
				CLANG_WARN_DOCUMENTATION_COMMENTS = YES;
				CLANG_WARN_EMPTY_BODY = YES;
				CLANG_WARN_ENUM_CONVERSION = YES;
				CLANG_WARN_INFINITE_RECURSION = YES;
				CLANG_WARN_INT_CONVERSION = YES;
				CLANG_WARN_NON_LITERAL_NULL_CONVERSION = YES;
				CLANG_WARN_OBJC_IMPLICIT_RETAIN_SELF = YES;
				CLANG_WARN_OBJC_LITERAL_CONVERSION = YES;
				CLANG_WARN_OBJC_ROOT_CLASS = YES_ERROR;
				CLANG_WARN_RANGE_LOOP_ANALYSIS = YES;
				CLANG_WARN_STRICT_PROTOTYPES = YES;
				CLANG_WARN_SUSPICIOUS_MOVE = YES;
				CLANG_WARN_UNGUARDED_AVAILABILITY = YES_AGGRESSIVE;
				CLANG_WARN_UNREACHABLE_CODE = YES;
				CLANG_WARN__DUPLICATE_METHOD_MATCH = YES;
				CODE_SIGN_IDENTITY = "iPhone Developer";
				COPY_PHASE_STRIP = NO;
				DEBUG_INFORMATION_FORMAT = dwarf;
				ENABLE_STRICT_OBJC_MSGSEND = YES;
				ENABLE_TESTABILITY = YES;
				GCC_C_LANGUAGE_STANDARD = gnu11;
				GCC_DYNAMIC_NO_PIC = NO;
				GCC_NO_COMMON_BLOCKS = YES;
				GCC_OPTIMIZATION_LEVEL = 0;
				GCC_PREPROCESSOR_DEFINITIONS = (
					"DEBUG=1",
					"$(inherited)",
				);
				GCC_WARN_64_TO_32_BIT_CONVERSION = YES;
				GCC_WARN_ABOUT_RETURN_TYPE = YES_ERROR;
				GCC_WARN_UNDECLARED_SELECTOR = YES;
				GCC_WARN_UNINITIALIZED_AUTOS = YES_AGGRESSIVE;
				GCC_WARN_UNUSED_FUNCTION = YES;
				GCC_WARN_UNUSED_VARIABLE = YES;
				IPHONEOS_DEPLOYMENT_TARGET = 11.3;
				MTL_ENABLE_DEBUG_INFO = YES;
				ONLY_ACTIVE_ARCH = YES;
				SDKROOT = iphoneos;
				SWIFT_ACTIVE_COMPILATION_CONDITIONS = DEBUG;
				SWIFT_OPTIMIZATION_LEVEL = "-Onone";
			};
			name = Debug;
		};
		2E722C7020B5F691000CDB78 /* Release */ = {
			isa = XCBuildConfiguration;
			buildSettings = {
				ALWAYS_SEARCH_USER_PATHS = NO;
				CLANG_ANALYZER_NONNULL = YES;
				CLANG_ANALYZER_NUMBER_OBJECT_CONVERSION = YES_AGGRESSIVE;
				CLANG_CXX_LANGUAGE_STANDARD = "gnu++14";
				CLANG_CXX_LIBRARY = "libc++";
				CLANG_ENABLE_MODULES = YES;
				CLANG_ENABLE_OBJC_ARC = YES;
				CLANG_ENABLE_OBJC_WEAK = YES;
				CLANG_WARN_BLOCK_CAPTURE_AUTORELEASING = YES;
				CLANG_WARN_BOOL_CONVERSION = YES;
				CLANG_WARN_COMMA = YES;
				CLANG_WARN_CONSTANT_CONVERSION = YES;
				CLANG_WARN_DEPRECATED_OBJC_IMPLEMENTATIONS = YES;
				CLANG_WARN_DIRECT_OBJC_ISA_USAGE = YES_ERROR;
				CLANG_WARN_DOCUMENTATION_COMMENTS = YES;
				CLANG_WARN_EMPTY_BODY = YES;
				CLANG_WARN_ENUM_CONVERSION = YES;
				CLANG_WARN_INFINITE_RECURSION = YES;
				CLANG_WARN_INT_CONVERSION = YES;
				CLANG_WARN_NON_LITERAL_NULL_CONVERSION = YES;
				CLANG_WARN_OBJC_IMPLICIT_RETAIN_SELF = YES;
				CLANG_WARN_OBJC_LITERAL_CONVERSION = YES;
				CLANG_WARN_OBJC_ROOT_CLASS = YES_ERROR;
				CLANG_WARN_RANGE_LOOP_ANALYSIS = YES;
				CLANG_WARN_STRICT_PROTOTYPES = YES;
				CLANG_WARN_SUSPICIOUS_MOVE = YES;
				CLANG_WARN_UNGUARDED_AVAILABILITY = YES_AGGRESSIVE;
				CLANG_WARN_UNREACHABLE_CODE = YES;
				CLANG_WARN__DUPLICATE_METHOD_MATCH = YES;
				CODE_SIGN_IDENTITY = "iPhone Developer";
				COPY_PHASE_STRIP = NO;
				DEBUG_INFORMATION_FORMAT = "dwarf-with-dsym";
				ENABLE_NS_ASSERTIONS = NO;
				ENABLE_STRICT_OBJC_MSGSEND = YES;
				GCC_C_LANGUAGE_STANDARD = gnu11;
				GCC_NO_COMMON_BLOCKS = YES;
				GCC_WARN_64_TO_32_BIT_CONVERSION = YES;
				GCC_WARN_ABOUT_RETURN_TYPE = YES_ERROR;
				GCC_WARN_UNDECLARED_SELECTOR = YES;
				GCC_WARN_UNINITIALIZED_AUTOS = YES_AGGRESSIVE;
				GCC_WARN_UNUSED_FUNCTION = YES;
				GCC_WARN_UNUSED_VARIABLE = YES;
				IPHONEOS_DEPLOYMENT_TARGET = 11.3;
				MTL_ENABLE_DEBUG_INFO = NO;
				SDKROOT = iphoneos;
				SWIFT_COMPILATION_MODE = wholemodule;
				SWIFT_OPTIMIZATION_LEVEL = "-O";
				VALIDATE_PRODUCT = YES;
			};
			name = Release;
		};
		2E722C7220B5F691000CDB78 /* Debug */ = {
			isa = XCBuildConfiguration;
			baseConfigurationReference = 851F6CEBEEFE918CB6FA3C59 /* Pods-Agribusiness.debug.xcconfig */;
			buildSettings = {
				ASSETCATALOG_COMPILER_APPICON_NAME = AppIcon;
				CODE_SIGN_STYLE = Automatic;
				DEVELOPMENT_TEAM = M54MQ78CNB;
				INFOPLIST_FILE = Agribusiness/Info.plist;
				LD_RUNPATH_SEARCH_PATHS = (
					"$(inherited)",
					"@executable_path/Frameworks",
				);
				PRODUCT_BUNDLE_IDENTIFIER = com.tiagoquaini.Agribusiness;
				PRODUCT_NAME = "$(TARGET_NAME)";
				SWIFT_VERSION = 4.0;
				TARGETED_DEVICE_FAMILY = "1,2";
			};
			name = Debug;
		};
		2E722C7320B5F691000CDB78 /* Release */ = {
			isa = XCBuildConfiguration;
			baseConfigurationReference = 1189E511D0B7D4DA2E144086 /* Pods-Agribusiness.release.xcconfig */;
			buildSettings = {
				ASSETCATALOG_COMPILER_APPICON_NAME = AppIcon;
				CODE_SIGN_STYLE = Automatic;
				DEVELOPMENT_TEAM = M54MQ78CNB;
				INFOPLIST_FILE = Agribusiness/Info.plist;
				LD_RUNPATH_SEARCH_PATHS = (
					"$(inherited)",
					"@executable_path/Frameworks",
				);
				PRODUCT_BUNDLE_IDENTIFIER = com.tiagoquaini.Agribusiness;
				PRODUCT_NAME = "$(TARGET_NAME)";
				SWIFT_VERSION = 4.0;
				TARGETED_DEVICE_FAMILY = "1,2";
			};
			name = Release;
		};
/* End XCBuildConfiguration section */

/* Begin XCConfigurationList section */
		2E722C5A20B5F690000CDB78 /* Build configuration list for PBXProject "Agribusiness" */ = {
			isa = XCConfigurationList;
			buildConfigurations = (
				2E722C6F20B5F691000CDB78 /* Debug */,
				2E722C7020B5F691000CDB78 /* Release */,
			);
			defaultConfigurationIsVisible = 0;
			defaultConfigurationName = Release;
		};
		2E722C7120B5F691000CDB78 /* Build configuration list for PBXNativeTarget "Agribusiness" */ = {
			isa = XCConfigurationList;
			buildConfigurations = (
				2E722C7220B5F691000CDB78 /* Debug */,
				2E722C7320B5F691000CDB78 /* Release */,
			);
			defaultConfigurationIsVisible = 0;
			defaultConfigurationName = Release;
		};
/* End XCConfigurationList section */
	};
	rootObject = 2E722C5720B5F690000CDB78 /* Project object */;
}
